
Microsoft Visual Studio Solution File, Format Version 12.00
# Visual Studio Version 16
VisualStudioVersion = 16.0.29728.190
MinimumVisualStudioVersion = 10.0.40219.1
Project("{FAE04EC0-301F-11D3-BF4B-00C04F79EFBC}") = "App1.Android", "App1\App1.Android\App1.Android.csproj", "{17E02C46-40A4-4DF2-8F54-67B3A0B254BE}"
EndProject
Project("{FAE04EC0-301F-11D3-BF4B-00C04F79EFBC}") = "App1.iOS", "App1\App1.iOS\App1.iOS.csproj", "{13CE07C0-1D33-43C6-9A7B-437AFB43B4C4}"
EndProject
Project("{FAE04EC0-301F-11D3-BF4B-00C04F79EFBC}") = "App1", "App1\App1\App1.csproj", "{58367B5D-5C92-46F2-A577-E79D2140C654}"
EndProject
Global
	GlobalSection(SolutionConfigurationPlatforms) = preSolution
		Debug|Any CPU = Debug|Any CPU
		Debug|iPhone = Debug|iPhone
		Debug|iPhoneSimulator = Debug|iPhoneSimulator
		Release|Any CPU = Release|Any CPU
		Release|iPhone = Release|iPhone
		Release|iPhoneSimulator = Release|iPhoneSimulator
	EndGlobalSection
	GlobalSection(ProjectConfigurationPlatforms) = postSolution
		{17E02C46-40A4-4DF2-8F54-67B3A0B254BE}.Debug|Any CPU.ActiveCfg = Debug|Any CPU
		{17E02C46-40A4-4DF2-8F54-67B3A0B254BE}.Debug|Any CPU.Build.0 = Debug|Any CPU
		{17E02C46-40A4-4DF2-8F54-67B3A0B254BE}.Debug|Any CPU.Deploy.0 = Debug|Any CPU
		{17E02C46-40A4-4DF2-8F54-67B3A0B254BE}.Debug|iPhone.ActiveCfg = Debug|Any CPU
		{17E02C46-40A4-4DF2-8F54-67B3A0B254BE}.Debug|iPhone.Build.0 = Debug|Any CPU
		{17E02C46-40A4-4DF2-8F54-67B3A0B254BE}.Debug|iPhone.Deploy.0 = Debug|Any CPU
		{17E02C46-40A4-4DF2-8F54-67B3A0B254BE}.Debug|iPhoneSimulator.ActiveCfg = Debug|Any CPU
		{17E02C46-40A4-4DF2-8F54-67B3A0B254BE}.Debug|iPhoneSimulator.Build.0 = Debug|Any CPU
		{17E02C46-40A4-4DF2-8F54-67B3A0B254BE}.Debug|iPhoneSimulator.Deploy.0 = Debug|Any CPU
		{17E02C46-40A4-4DF2-8F54-67B3A0B254BE}.Release|Any CPU.ActiveCfg = Release|Any CPU
		{17E02C46-40A4-4DF2-8F54-67B3A0B254BE}.Release|Any CPU.Build.0 = Release|Any CPU
		{17E02C46-40A4-4DF2-8F54-67B3A0B254BE}.Release|Any CPU.Deploy.0 = Release|Any CPU
		{17E02C46-40A4-4DF2-8F54-67B3A0B254BE}.Release|iPhone.ActiveCfg = Release|Any CPU
		{17E02C46-40A4-4DF2-8F54-67B3A0B254BE}.Release|iPhone.Build.0 = Release|Any CPU
		{17E02C46-40A4-4DF2-8F54-67B3A0B254BE}.Release|iPhone.Deploy.0 = Release|Any CPU
		{17E02C46-40A4-4DF2-8F54-67B3A0B254BE}.Release|iPhoneSimulator.ActiveCfg = Release|Any CPU
		{17E02C46-40A4-4DF2-8F54-67B3A0B254BE}.Release|iPhoneSimulator.Build.0 = Release|Any CPU
		{17E02C46-40A4-4DF2-8F54-67B3A0B254BE}.Release|iPhoneSimulator.Deploy.0 = Release|Any CPU
		{13CE07C0-1D33-43C6-9A7B-437AFB43B4C4}.Debug|Any CPU.ActiveCfg = Debug|iPhoneSimulator
		{13CE07C0-1D33-43C6-9A7B-437AFB43B4C4}.Debug|Any CPU.Build.0 = Debug|iPhoneSimulator
		{13CE07C0-1D33-43C6-9A7B-437AFB43B4C4}.Debug|Any CPU.Deploy.0 = Debug|iPhoneSimulator
		{13CE07C0-1D33-43C6-9A7B-437AFB43B4C4}.Debug|iPhone.ActiveCfg = Debug|iPhone
		{13CE07C0-1D33-43C6-9A7B-437AFB43B4C4}.Debug|iPhone.Build.0 = Debug|iPhone
		{13CE07C0-1D33-43C6-9A7B-437AFB43B4C4}.Debug|iPhone.Deploy.0 = Debug|iPhone
		{13CE07C0-1D33-43C6-9A7B-437AFB43B4C4}.Debug|iPhoneSimulator.ActiveCfg = Debug|iPhoneSimulator
		{13CE07C0-1D33-43C6-9A7B-437AFB43B4C4}.Debug|iPhoneSimulator.Build.0 = Debug|iPhoneSimulator
		{13CE07C0-1D33-43C6-9A7B-437AFB43B4C4}.Debug|iPhoneSimulator.Deploy.0 = Debug|iPhoneSimulator
		{13CE07C0-1D33-43C6-9A7B-437AFB43B4C4}.Release|Any CPU.ActiveCfg = Release|iPhone
		{13CE07C0-1D33-43C6-9A7B-437AFB43B4C4}.Release|Any CPU.Build.0 = Release|iPhone
		{13CE07C0-1D33-43C6-9A7B-437AFB43B4C4}.Release|Any CPU.Deploy.0 = Release|iPhone
		{13CE07C0-1D33-43C6-9A7B-437AFB43B4C4}.Release|iPhone.ActiveCfg = Release|iPhone
		{13CE07C0-1D33-43C6-9A7B-437AFB43B4C4}.Release|iPhone.Build.0 = Release|iPhone
		{13CE07C0-1D33-43C6-9A7B-437AFB43B4C4}.Release|iPhone.Deploy.0 = Release|iPhone
		{13CE07C0-1D33-43C6-9A7B-437AFB43B4C4}.Release|iPhoneSimulator.ActiveCfg = Release|iPhoneSimulator
		{13CE07C0-1D33-43C6-9A7B-437AFB43B4C4}.Release|iPhoneSimulator.Build.0 = Release|iPhoneSimulator
		{13CE07C0-1D33-43C6-9A7B-437AFB43B4C4}.Release|iPhoneSimulator.Deploy.0 = Release|iPhoneSimulator
		{58367B5D-5C92-46F2-A577-E79D2140C654}.Debug|Any CPU.ActiveCfg = Debug|Any CPU
		{58367B5D-5C92-46F2-A577-E79D2140C654}.Debug|Any CPU.Build.0 = Debug|Any CPU
		{58367B5D-5C92-46F2-A577-E79D2140C654}.Debug|Any CPU.Deploy.0 = Debug|Any CPU
		{58367B5D-5C92-46F2-A577-E79D2140C654}.Debug|iPhone.ActiveCfg = Debug|Any CPU
		{58367B5D-5C92-46F2-A577-E79D2140C654}.Debug|iPhone.Build.0 = Debug|Any CPU
		{58367B5D-5C92-46F2-A577-E79D2140C654}.Debug|iPhone.Deploy.0 = Debug|Any CPU
		{58367B5D-5C92-46F2-A577-E79D2140C654}.Debug|iPhoneSimulator.ActiveCfg = Debug|Any CPU
		{58367B5D-5C92-46F2-A577-E79D2140C654}.Debug|iPhoneSimulator.Build.0 = Debug|Any CPU
		{58367B5D-5C92-46F2-A577-E79D2140C654}.Debug|iPhoneSimulator.Deploy.0 = Debug|Any CPU
		{58367B5D-5C92-46F2-A577-E79D2140C654}.Release|Any CPU.ActiveCfg = Release|Any CPU
		{58367B5D-5C92-46F2-A577-E79D2140C654}.Release|Any CPU.Build.0 = Release|Any CPU
		{58367B5D-5C92-46F2-A577-E79D2140C654}.Release|Any CPU.Deploy.0 = Release|Any CPU
		{58367B5D-5C92-46F2-A577-E79D2140C654}.Release|iPhone.ActiveCfg = Release|Any CPU
		{58367B5D-5C92-46F2-A577-E79D2140C654}.Release|iPhone.Build.0 = Release|Any CPU
		{58367B5D-5C92-46F2-A577-E79D2140C654}.Release|iPhone.Deploy.0 = Release|Any CPU
		{58367B5D-5C92-46F2-A577-E79D2140C654}.Release|iPhoneSimulator.ActiveCfg = Release|Any CPU
		{58367B5D-5C92-46F2-A577-E79D2140C654}.Release|iPhoneSimulator.Build.0 = Release|Any CPU
		{58367B5D-5C92-46F2-A577-E79D2140C654}.Release|iPhoneSimulator.Deploy.0 = Release|Any CPU
	EndGlobalSection
	GlobalSection(SolutionProperties) = preSolution
		HideSolutionNode = FALSE
	EndGlobalSection
	GlobalSection(ExtensibilityGlobals) = postSolution
		SolutionGuid = {4A4F70F5-92F1-4B04-813A-B9F475CECEE3}
	EndGlobalSection
EndGlobal
